
Microsoft Visual Studio Solution File, Format Version 12.00
# Visual Studio Version 16
VisualStudioVersion = 16.0.29519.181
MinimumVisualStudioVersion = 10.0.40219.1
Project("{888888A0-9F3D-457C-B088-3A5042F75D52}") = "Rail_defect5", "Rail_defect5.pyproj", "{D91DED48-95F2-4247-B92E-B9056EB21035}"
EndProject
Global
	GlobalSection(SolutionConfigurationPlatforms) = preSolution
		Debug|Any CPU = Debug|Any CPU
		Release|Any CPU = Release|Any CPU
	EndGlobalSection
	GlobalSection(ProjectConfigurationPlatforms) = postSolution
		{D91DED48-95F2-4247-B92E-B9056EB21035}.Debug|Any CPU.ActiveCfg = Debug|Any CPU
		{D91DED48-95F2-4247-B92E-B9056EB21035}.Release|Any CPU.ActiveCfg = Release|Any CPU
	EndGlobalSection
	GlobalSection(SolutionProperties) = preSolution
		HideSolutionNode = FALSE
	EndGlobalSection
	GlobalSection(ExtensibilityGlobals) = postSolution
		SolutionGuid = {9F46AB96-A4B2-4FC6-9CF7-BB4BBE06861A}
	EndGlobalSection
EndGlobal
